<?xml version="1.0" encoding="UTF-8"?>
<CONFIG>
  <ProjectOptions>
    <Version Value="9"/>
    <General>
      <Flags>
        <LRSInOutputDirectory Value="False"/>
      </Flags>
      <MainUnit Value="0"/>
      <Title Value="RxDBGrid demo"/>
      <ResourceType Value="res"/>
      <UseXPManifest Value="True"/>
      <Icon Value="0"/>
    </General>
    <VersionInfo>
      <UseVersionInfo Value="True"/>
      <AutoIncrementBuild Value="True"/>
      <MajorVersionNr Value="3"/>
      <MinorVersionNr Value="4"/>
      <RevisionNr Value="1"/>
      <BuildNr Value="1"/>
      <StringTable ProductName="Demo application from RXFPC library" LegalCopyright="Lagunov Aleksey, GPL 2" ProductVersion="3.1.1.0" FileDescription="Demo application from RXFPC library"/>
    </VersionInfo>
    <BuildModes Count="1">
      <Item1 Name="default" Default="True"/>
    </BuildModes>
    <PublishOptions>
      <Version Value="2"/>
      <IgnoreBinaries Value="False"/>
      <IncludeFileFilter Value="*.(pas|pp|inc|lfm|lpr|lrs|lpi|lpk|sh|xml)"/>
      <ExcludeFileFilter Value="*.(bak|ppu|ppw|o|so);*~;backup"/>
    </PublishOptions>
    <RunParams>
      <local>
        <FormatVersion Value="1"/>
        <LaunchingApplication PathPlusParams="/usr/X11R6/bin/xterm -T 'Lazarus Run Output' -e $(LazarusDir)/tools/runwait.sh $(TargetCmdLine)"/>
      </local>
    </RunParams>
    <RequiredPackages Count="5">
      <Item1>
        <PackageName Value="rxdbgrid_export_spreadsheet"/>
      </Item1>
      <Item2>
        <PackageName Value="rxdbgrid_print"/>
      </Item2>
      <Item3>
        <PackageName Value="FCL"/>
        <MinVersion Major="1" Valid="True"/>
      </Item3>
      <Item4>
        <PackageName Value="LCL"/>
      </Item4>
      <Item5>
        <PackageName Value="rxnew"/>
        <MinVersion Major="1" Release="18" Build="56" Valid="True"/>
      </Item5>
    </RequiredPackages>
    <Units Count="13">
      <Unit0>
        <Filename Value="RxDBGridDemo.lpr"/>
        <IsPartOfProject Value="True"/>
        <EditorIndex Value="-1"/>
        <CursorPos X="47" Y="18"/>
        <UsageCount Value="116"/>
      </Unit0>
      <Unit1>
        <Filename Value="rxdbgridmainunit.pas"/>
        <IsPartOfProject Value="True"/>
        <ComponentName Value="RxDBGridMainForm"/>
        <HasResources Value="True"/>
        <ResourceBaseClass Value="Form"/>
        <UnitName Value="RxDBGridMainUnit"/>
        <TopLine Value="152"/>
        <CursorPos X="33" Y="171"/>
        <UsageCount Value="116"/>
        <Loaded Value="True"/>
        <LoadedDesigner Value="True"/>
      </Unit1>
      <Unit2>
        <Filename Value="../../rxdbgrid.pas"/>
        <EditorIndex Value="-1"/>
        <TopLine Value="2489"/>
        <CursorPos X="72" Y="2503"/>
        <UsageCount Value="11"/>
      </Unit2>
      <Unit3>
        <Filename Value="../../rxdbgridexportspreadsheet.pas"/>
        <UnitName Value="RxDBGridExportSpreadSheet"/>
        <EditorIndex Value="-1"/>
        <TopLine Value="79"/>
        <CursorPos Y="80"/>
        <UsageCount Value="10"/>
      </Unit3>
      <Unit4>
        <Filename Value="../../rxdconst.pas"/>
        <EditorIndex Value="-1"/>
        <TopLine Value="100"/>
        <CursorPos X="55" Y="121"/>
        <UsageCount Value="10"/>
      </Unit4>
      <Unit5>
        <Filename Value="../../rxautopanel.pas"/>
        <UnitName Value="RxAutoPanel"/>
        <EditorIndex Value="1"/>
        <TopLine Value="32"/>
        <CursorPos X="74" Y="56"/>
        <UsageCount Value="10"/>
        <Loaded Value="True"/>
      </Unit5>
      <Unit6>
        <Filename Value="../../registerrx.pas"/>
        <EditorIndex Value="2"/>
        <TopLine Value="26"/>
        <CursorPos X="72" Y="59"/>
        <UsageCount Value="10"/>
        <Loaded Value="True"/>
      </Unit6>
      <Unit7>
        <Filename Value="../../rxpickdate.pas"/>
        <EditorIndex Value="8"/>
        <CursorPos X="16" Y="32"/>
        <UsageCount Value="10"/>
        <Loaded Value="True"/>
      </Unit7>
      <Unit8>
        <Filename Value="../../tooledit.pas"/>
        <EditorIndex Value="3"/>
        <TopLine Value="19"/>
        <CursorPos X="25" Y="40"/>
        <UsageCount Value="10"/>
        <Loaded Value="True"/>
      </Unit8>
      <Unit9>
        <Filename Value="../../rxdateutil.pas"/>
        <EditorIndex Value="4"/>
        <TopLine Value="16"/>
        <CursorPos X="16" Y="32"/>
        <UsageCount Value="10"/>
        <Loaded Value="True"/>
      </Unit9>
      <Unit10>
        <Filename Value="../../dbdateedit.pas"/>
        <EditorIndex Value="5"/>
        <TopLine Value="97"/>
        <CursorPos X="16" Y="117"/>
        <UsageCount Value="10"/>
        <Loaded Value="True"/>
      </Unit10>
      <Unit11>
        <Filename Value="../../dbutils.pas"/>
        <EditorIndex Value="6"/>
        <TopLine Value="145"/>
        <CursorPos X="53" Y="168"/>
        <UsageCount Value="10"/>
        <Loaded Value="True"/>
      </Unit11>
      <Unit12>
        <Filename Value="../../rxdaterangeeditunit.pas"/>
        <UnitName Value="rxDateRangeEditUnit"/>
        <IsVisibleTab Value="True"/>
        <EditorIndex Value="7"/>
        <TopLine Value="133"/>
        <CursorPos X="8" Y="150"/>
        <UsageCount Value="10"/>
        <Loaded Value="True"/>
      </Unit12>
    </Units>
    <JumpHistory Count="9" HistoryIndex="8">
      <Position1>
        <Filename Value="rxdbgridmainunit.pas"/>
        <Caret Line="14" Column="134"/>
      </Position1>
      <Position2>
        <Filename Value="rxdbgridmainunit.pas"/>
        <Caret Line="172" Column="21" TopLine="158"/>
      </Position2>
      <Position3>
        <Filename Value="../../registerrx.pas"/>
        <Caret Line="58" Column="59" TopLine="38"/>
      </Position3>
      <Position4>
        <Filename Value="../../registerrx.pas"/>
        <Caret Line="119" Column="24" TopLine="86"/>
      </Position4>
      <Position5>
        <Filename Value="../../registerrx.pas"/>
        <Caret Line="120" Column="45" TopLine="88"/>
      </Position5>
      <Position6>
        <Filename Value="../../registerrx.pas"/>
        <Caret Line="191" Column="19" TopLine="158"/>
      </Position6>
      <Position7>
        <Filename Value="../../registerrx.pas"/>
        <Caret Line="123" Column="11" TopLine="103"/>
      </Position7>
      <Position8>
        <Filename Value="../../registerrx.pas"/>
      </Position8>
      <Position9>
        <Filename Value="../../rxdateutil.pas"/>
        <Caret Line="32" Column="16" TopLine="16"/>
      </Position9>
    </JumpHistory>
  </ProjectOptions>
  <CompilerOptions>
    <Version Value="11"/>
    <Target>
      <Filename Value="RxDBGridDemo"/>
    </Target>
    <SearchPaths>
      <UnitOutputDirectory Value="lib/$(TargetCPU)-$(TargetOS)"/>
      <SrcPath Value="$(LazarusDir)/lcl;$(LazarusDir)/lcl/interfaces/$(LCLWidgetType)"/>
    </SearchPaths>
    <Parsing>
      <SyntaxOptions>
        <UseAnsiStrings Value="False"/>
      </SyntaxOptions>
    </Parsing>
    <Linking>
      <Options>
        <Win32>
          <GraphicApplication Value="True"/>
        </Win32>
      </Options>
    </Linking>
  </CompilerOptions>
</CONFIG>
