<?xml version="1.0"?>
<CONFIG>
  <ProjectOptions>
    <PathDelim Value="\"/>
    <Version Value="7"/>
    <General>
      <Flags>
        <LRSInOutputDirectory Value="False"/>
      </Flags>
      <SessionStorage Value="InProjectDir"/>
      <MainUnit Value="0"/>
      <TargetFileExt Value=".exe"/>
    </General>
    <PublishOptions>
      <Version Value="2"/>
      <IgnoreBinaries Value="False"/>
      <IncludeFileFilter Value="*.(pas|pp|inc|lfm|lpr|lrs|lpi|lpk|sh|xml)"/>
      <ExcludeFileFilter Value="*.(bak|ppu|ppw|o|so);*~;backup"/>
    </PublishOptions>
    <RunParams>
      <local>
        <FormatVersion Value="1"/>
        <LaunchingApplication PathPlusParams="/usr/X11R6/bin/xterm -T 'Lazarus Run Output' -e $(LazarusDir)/tools/runwait.sh $(TargetCmdLine)"/>
      </local>
    </RunParams>
    <RequiredPackages Count="1">
      <Item1>
        <PackageName Value="LCL"/>
      </Item1>
    </RequiredPackages>
    <Units Count="2">
      <Unit0>
        <Filename Value="mod_wst.lpr"/>
        <IsPartOfProject Value="True"/>
        <UnitName Value="mod_wst"/>
      </Unit0>
      <Unit1>
        <Filename Value="wst_apache_binding.pas"/>
        <IsPartOfProject Value="True"/>
        <UnitName Value="wst_apache_binding"/>
      </Unit1>
    </Units>
  </ProjectOptions>
  <CompilerOptions>
    <Version Value="8"/>
    <PathDelim Value="\"/>
    <Target>
      <Filename Value="mod_wst.so"/>
    </Target>
    <SearchPaths>
      <OtherUnitFiles Value="..\..\;..\..\tests\calculator\srv\;E:\fpc_dev\packages\httpd22\src\;E:\fpc_dev\packages\httpd22\src\apr\"/>
      <UnitOutputDirectory Value="obj"/>
      <SrcPath Value="..\..\;..\..\tests\calculator\srv\"/>
    </SearchPaths>
    <Parsing>
      <SyntaxOptions>
        <CStyleMacros Value="True"/>
      </SyntaxOptions>
    </Parsing>
    <Linking>
      <Debugging>
        <UseLineInfoUnit Value="False"/>
      </Debugging>
      <Options>
        <ExecutableType Value="Library"/>
      </Options>
    </Linking>
    <Other>
      <CustomOptions Value="-WR
"/>
      <CompilerPath Value="$(CompPath)"/>
    </Other>
  </CompilerOptions>
</CONFIG>
